
Microsoft Visual Studio Solution File, Format Version 11.00
# Visual Studio 2010
Project("{8BC9CEB8-8B4A-11D0-8D11-00A0C91BC942}") = "buildcd", "buildcd\buildcd.vcxproj", "{934C12AF-164D-4CDD-8CE7-F2DEC970AC36}"
	ProjectSection(ProjectDependencies) = postProject
		{4BCED22B-81CE-429A-B937-DE74330DC823} = {4BCED22B-81CE-429A-B937-DE74330DC823}
		{3C65563F-8C0C-4CC8-BFC1-9BCD36F9F558} = {3C65563F-8C0C-4CC8-BFC1-9BCD36F9F558}
		{692B7D5A-C4E6-46EB-B6D6-B312A8F0E225} = {692B7D5A-C4E6-46EB-B6D6-B312A8F0E225}
		{88E91A93-8C32-4646-A488-B913B34C4A62} = {88E91A93-8C32-4646-A488-B913B34C4A62}
		{8D07A89A-542E-411E-AC88-51D16B066FEE} = {8D07A89A-542E-411E-AC88-51D16B066FEE}
		{23B641B0-283B-4BEE-A8DC-C003DA87C254} = {23B641B0-283B-4BEE-A8DC-C003DA87C254}
	EndProjectSection
EndProject
Project("{8BC9CEB8-8B4A-11D0-8D11-00A0C91BC942}") = "dump", "dump\dump.vcxproj", "{3C65563F-8C0C-4CC8-BFC1-9BCD36F9F558}"
EndProject
Project("{8BC9CEB8-8B4A-11D0-8D11-00A0C91BC942}") = "encode", "encode\encode.vcxproj", "{692B7D5A-C4E6-46EB-B6D6-B312A8F0E225}"
EndProject
Project("{8BC9CEB8-8B4A-11D0-8D11-00A0C91BC942}") = "scrscendump", "scrscendump\scrscendump.vcxproj", "{4BCED22B-81CE-429A-B937-DE74330DC823}"
EndProject
Project("{8BC9CEB8-8B4A-11D0-8D11-00A0C91BC942}") = "scrsceninsert", "scrsceninsert\scrsceninsert.vcxproj", "{88E91A93-8C32-4646-A488-B913B34C4A62}"
EndProject
Project("{8BC9CEB8-8B4A-11D0-8D11-00A0C91BC942}") = "satcode", "satcode\satcode.vcxproj", "{8D07A89A-542E-411E-AC88-51D16B066FEE}"
EndProject
Project("{8BC9CEB8-8B4A-11D0-8D11-00A0C91BC942}") = "satcode-insert", "satcode-insert\satcode-insert.vcxproj", "{23B641B0-283B-4BEE-A8DC-C003DA87C254}"
EndProject
Global
	GlobalSection(SolutionConfigurationPlatforms) = preSolution
		Debug|Win32 = Debug|Win32
		Release|Win32 = Release|Win32
	EndGlobalSection
	GlobalSection(ProjectConfigurationPlatforms) = postSolution
		{934C12AF-164D-4CDD-8CE7-F2DEC970AC36}.Debug|Win32.ActiveCfg = Debug|Win32
		{934C12AF-164D-4CDD-8CE7-F2DEC970AC36}.Debug|Win32.Build.0 = Debug|Win32
		{934C12AF-164D-4CDD-8CE7-F2DEC970AC36}.Release|Win32.ActiveCfg = Release|Win32
		{934C12AF-164D-4CDD-8CE7-F2DEC970AC36}.Release|Win32.Build.0 = Release|Win32
		{3C65563F-8C0C-4CC8-BFC1-9BCD36F9F558}.Debug|Win32.ActiveCfg = Debug|Win32
		{3C65563F-8C0C-4CC8-BFC1-9BCD36F9F558}.Debug|Win32.Build.0 = Debug|Win32
		{3C65563F-8C0C-4CC8-BFC1-9BCD36F9F558}.Release|Win32.ActiveCfg = Release|Win32
		{3C65563F-8C0C-4CC8-BFC1-9BCD36F9F558}.Release|Win32.Build.0 = Release|Win32
		{692B7D5A-C4E6-46EB-B6D6-B312A8F0E225}.Debug|Win32.ActiveCfg = Debug|Win32
		{692B7D5A-C4E6-46EB-B6D6-B312A8F0E225}.Debug|Win32.Build.0 = Debug|Win32
		{692B7D5A-C4E6-46EB-B6D6-B312A8F0E225}.Release|Win32.ActiveCfg = Release|Win32
		{692B7D5A-C4E6-46EB-B6D6-B312A8F0E225}.Release|Win32.Build.0 = Release|Win32
		{4BCED22B-81CE-429A-B937-DE74330DC823}.Debug|Win32.ActiveCfg = Debug|Win32
		{4BCED22B-81CE-429A-B937-DE74330DC823}.Debug|Win32.Build.0 = Debug|Win32
		{4BCED22B-81CE-429A-B937-DE74330DC823}.Release|Win32.ActiveCfg = Release|Win32
		{4BCED22B-81CE-429A-B937-DE74330DC823}.Release|Win32.Build.0 = Release|Win32
		{88E91A93-8C32-4646-A488-B913B34C4A62}.Debug|Win32.ActiveCfg = Debug|Win32
		{88E91A93-8C32-4646-A488-B913B34C4A62}.Debug|Win32.Build.0 = Debug|Win32
		{88E91A93-8C32-4646-A488-B913B34C4A62}.Release|Win32.ActiveCfg = Release|Win32
		{88E91A93-8C32-4646-A488-B913B34C4A62}.Release|Win32.Build.0 = Release|Win32
		{8D07A89A-542E-411E-AC88-51D16B066FEE}.Debug|Win32.ActiveCfg = Debug|Win32
		{8D07A89A-542E-411E-AC88-51D16B066FEE}.Debug|Win32.Build.0 = Debug|Win32
		{8D07A89A-542E-411E-AC88-51D16B066FEE}.Release|Win32.ActiveCfg = Release|Win32
		{8D07A89A-542E-411E-AC88-51D16B066FEE}.Release|Win32.Build.0 = Release|Win32
		{23B641B0-283B-4BEE-A8DC-C003DA87C254}.Debug|Win32.ActiveCfg = Debug|Win32
		{23B641B0-283B-4BEE-A8DC-C003DA87C254}.Debug|Win32.Build.0 = Debug|Win32
		{23B641B0-283B-4BEE-A8DC-C003DA87C254}.Release|Win32.ActiveCfg = Release|Win32
		{23B641B0-283B-4BEE-A8DC-C003DA87C254}.Release|Win32.Build.0 = Release|Win32
	EndGlobalSection
	GlobalSection(SolutionProperties) = preSolution
		HideSolutionNode = FALSE
	EndGlobalSection
EndGlobal
